
Microsoft Visual Studio Solution File, Format Version 12.00
# Visual Studio Version 16
VisualStudioVersion = 16.0.30011.22
MinimumVisualStudioVersion = 15.0.26124.0
Project("{9A19103F-16F7-4668-BE54-9A1E7A4F7556}") = "WebAPI", "WebAPI\WebAPI.csproj", "{FA103371-AB27-4766-AD18-87EA6468A87C}"
EndProject
Project("{9A19103F-16F7-4668-BE54-9A1E7A4F7556}") = "Persistencia", "Persistencia-DL\Persistencia.csproj", "{572334AC-802D-40CD-8D0E-50661C973B3A}"
EndProject
Project("{9A19103F-16F7-4668-BE54-9A1E7A4F7556}") = "Dominio", "Dominio-ML\Dominio.csproj", "{EF2F1B87-F201-48B9-9FF1-FC227A3E057A}"
EndProject
Project("{9A19103F-16F7-4668-BE54-9A1E7A4F7556}") = "Aplicacion", "Aplicacion-BL\Aplicacion.csproj", "{155BD5AF-0F78-4AF0-B939-F0F05D3EBAB7}"
EndProject
Global
	GlobalSection(SolutionConfigurationPlatforms) = preSolution
		Debug|Any CPU = Debug|Any CPU
		Debug|x64 = Debug|x64
		Debug|x86 = Debug|x86
		Release|Any CPU = Release|Any CPU
		Release|x64 = Release|x64
		Release|x86 = Release|x86
	EndGlobalSection
	GlobalSection(ProjectConfigurationPlatforms) = postSolution
		{FA103371-AB27-4766-AD18-87EA6468A87C}.Debug|Any CPU.ActiveCfg = Debug|Any CPU
		{FA103371-AB27-4766-AD18-87EA6468A87C}.Debug|Any CPU.Build.0 = Debug|Any CPU
		{FA103371-AB27-4766-AD18-87EA6468A87C}.Debug|x64.ActiveCfg = Debug|Any CPU
		{FA103371-AB27-4766-AD18-87EA6468A87C}.Debug|x64.Build.0 = Debug|Any CPU
		{FA103371-AB27-4766-AD18-87EA6468A87C}.Debug|x86.ActiveCfg = Debug|Any CPU
		{FA103371-AB27-4766-AD18-87EA6468A87C}.Debug|x86.Build.0 = Debug|Any CPU
		{FA103371-AB27-4766-AD18-87EA6468A87C}.Release|Any CPU.ActiveCfg = Release|Any CPU
		{FA103371-AB27-4766-AD18-87EA6468A87C}.Release|Any CPU.Build.0 = Release|Any CPU
		{FA103371-AB27-4766-AD18-87EA6468A87C}.Release|x64.ActiveCfg = Release|Any CPU
		{FA103371-AB27-4766-AD18-87EA6468A87C}.Release|x64.Build.0 = Release|Any CPU
		{FA103371-AB27-4766-AD18-87EA6468A87C}.Release|x86.ActiveCfg = Release|Any CPU
		{FA103371-AB27-4766-AD18-87EA6468A87C}.Release|x86.Build.0 = Release|Any CPU
		{572334AC-802D-40CD-8D0E-50661C973B3A}.Debug|Any CPU.ActiveCfg = Debug|Any CPU
		{572334AC-802D-40CD-8D0E-50661C973B3A}.Debug|Any CPU.Build.0 = Debug|Any CPU
		{572334AC-802D-40CD-8D0E-50661C973B3A}.Debug|x64.ActiveCfg = Debug|Any CPU
		{572334AC-802D-40CD-8D0E-50661C973B3A}.Debug|x64.Build.0 = Debug|Any CPU
		{572334AC-802D-40CD-8D0E-50661C973B3A}.Debug|x86.ActiveCfg = Debug|Any CPU
		{572334AC-802D-40CD-8D0E-50661C973B3A}.Debug|x86.Build.0 = Debug|Any CPU
		{572334AC-802D-40CD-8D0E-50661C973B3A}.Release|Any CPU.ActiveCfg = Release|Any CPU
		{572334AC-802D-40CD-8D0E-50661C973B3A}.Release|Any CPU.Build.0 = Release|Any CPU
		{572334AC-802D-40CD-8D0E-50661C973B3A}.Release|x64.ActiveCfg = Release|Any CPU
		{572334AC-802D-40CD-8D0E-50661C973B3A}.Release|x64.Build.0 = Release|Any CPU
		{572334AC-802D-40CD-8D0E-50661C973B3A}.Release|x86.ActiveCfg = Release|Any CPU
		{572334AC-802D-40CD-8D0E-50661C973B3A}.Release|x86.Build.0 = Release|Any CPU
		{EF2F1B87-F201-48B9-9FF1-FC227A3E057A}.Debug|Any CPU.ActiveCfg = Debug|Any CPU
		{EF2F1B87-F201-48B9-9FF1-FC227A3E057A}.Debug|Any CPU.Build.0 = Debug|Any CPU
		{EF2F1B87-F201-48B9-9FF1-FC227A3E057A}.Debug|x64.ActiveCfg = Debug|Any CPU
		{EF2F1B87-F201-48B9-9FF1-FC227A3E057A}.Debug|x64.Build.0 = Debug|Any CPU
		{EF2F1B87-F201-48B9-9FF1-FC227A3E057A}.Debug|x86.ActiveCfg = Debug|Any CPU
		{EF2F1B87-F201-48B9-9FF1-FC227A3E057A}.Debug|x86.Build.0 = Debug|Any CPU
		{EF2F1B87-F201-48B9-9FF1-FC227A3E057A}.Release|Any CPU.ActiveCfg = Release|Any CPU
		{EF2F1B87-F201-48B9-9FF1-FC227A3E057A}.Release|Any CPU.Build.0 = Release|Any CPU
		{EF2F1B87-F201-48B9-9FF1-FC227A3E057A}.Release|x64.ActiveCfg = Release|Any CPU
		{EF2F1B87-F201-48B9-9FF1-FC227A3E057A}.Release|x64.Build.0 = Release|Any CPU
		{EF2F1B87-F201-48B9-9FF1-FC227A3E057A}.Release|x86.ActiveCfg = Release|Any CPU
		{EF2F1B87-F201-48B9-9FF1-FC227A3E057A}.Release|x86.Build.0 = Release|Any CPU
		{155BD5AF-0F78-4AF0-B939-F0F05D3EBAB7}.Debug|Any CPU.ActiveCfg = Debug|Any CPU
		{155BD5AF-0F78-4AF0-B939-F0F05D3EBAB7}.Debug|Any CPU.Build.0 = Debug|Any CPU
		{155BD5AF-0F78-4AF0-B939-F0F05D3EBAB7}.Debug|x64.ActiveCfg = Debug|Any CPU
		{155BD5AF-0F78-4AF0-B939-F0F05D3EBAB7}.Debug|x64.Build.0 = Debug|Any CPU
		{155BD5AF-0F78-4AF0-B939-F0F05D3EBAB7}.Debug|x86.ActiveCfg = Debug|Any CPU
		{155BD5AF-0F78-4AF0-B939-F0F05D3EBAB7}.Debug|x86.Build.0 = Debug|Any CPU
		{155BD5AF-0F78-4AF0-B939-F0F05D3EBAB7}.Release|Any CPU.ActiveCfg = Release|Any CPU
		{155BD5AF-0F78-4AF0-B939-F0F05D3EBAB7}.Release|Any CPU.Build.0 = Release|Any CPU
		{155BD5AF-0F78-4AF0-B939-F0F05D3EBAB7}.Release|x64.ActiveCfg = Release|Any CPU
		{155BD5AF-0F78-4AF0-B939-F0F05D3EBAB7}.Release|x64.Build.0 = Release|Any CPU
		{155BD5AF-0F78-4AF0-B939-F0F05D3EBAB7}.Release|x86.ActiveCfg = Release|Any CPU
		{155BD5AF-0F78-4AF0-B939-F0F05D3EBAB7}.Release|x86.Build.0 = Release|Any CPU
	EndGlobalSection
	GlobalSection(SolutionProperties) = preSolution
		HideSolutionNode = FALSE
	EndGlobalSection
	GlobalSection(ExtensibilityGlobals) = postSolution
		SolutionGuid = {C2766BAE-D9BA-40FC-B1D5-F496D79AD3DE}
	EndGlobalSection
EndGlobal
